<?xml version="1.0" encoding="utf-8"?>
<Project ToolsVersion="4.0" xmlns="http://schemas.microsoft.com/developer/msbuild/2003">
  <ItemGroup>
    <Filter Include="Source Files">
      <UniqueIdentifier>{4FC737F1-C7A5-4376-A066-2A32D752A2FF}</UniqueIdentifier>
      <Extensions>cpp;c;cc;cxx;def;odl;idl;hpj;bat;asm;asmx</Extensions>
    </Filter>
    <Filter Include="Socket">
      <UniqueIdentifier>{d4774cf6-18cd-4643-a427-64205fcb3d1a}</UniqueIdentifier>
    </Filter>
    <Filter Include="MainProcess">
      <UniqueIdentifier>{fa3d4847-2016-439a-b232-8ceda6e4bb12}</UniqueIdentifier>
    </Filter>
  </ItemGroup>
  <ItemGroup>
    <ClCompile Include="Source\main.cpp">
      <Filter>Source Files</Filter>
    </ClCompile>
    <ClCompile Include="Socket\ClientSocket.cpp">
      <Filter>Socket</Filter>
    </ClCompile>
    <ClCompile Include="..\Log\Log.cpp">
      <Filter>Source Files</Filter>
    </ClCompile>
    <ClCompile Include="..\Packet\Packet.cpp">
      <Filter>Source Files</Filter>
    </ClCompile>
    <ClCompile Include="Socket\DispatcherClient.cpp">
      <Filter>Socket</Filter>
    </ClCompile>
    <ClCompile Include="..\Packet\PacketDispatcher.cpp">
      <Filter>Source Files</Filter>
    </ClCompile>
    <ClCompile Include="Socket\DispatchFunc.cpp">
      <Filter>Socket</Filter>
    </ClCompile>
    <ClCompile Include="MainProcess\MainClient.cpp">
      <Filter>MainProcess</Filter>
    </ClCompile>
    <ClCompile Include="MainProcess\MainScene.cpp">
      <Filter>MainProcess</Filter>
    </ClCompile>
  </ItemGroup>
  <ItemGroup>
    <ClInclude Include="Socket\ClientSocket.h">
      <Filter>Socket</Filter>
    </ClInclude>
    <ClInclude Include="..\Log\Log.h">
      <Filter>Source Files</Filter>
    </ClInclude>
    <ClInclude Include="..\Packet\Packet.h">
      <Filter>Source Files</Filter>
    </ClInclude>
    <ClInclude Include="Socket\DispatcherClient.h">
      <Filter>Socket</Filter>
    </ClInclude>
    <ClInclude Include="..\Packet\PacketDispatcher.h">
      <Filter>Source Files</Filter>
    </ClInclude>
    <ClInclude Include="Socket\DispatchFunc.h">
      <Filter>Socket</Filter>
    </ClInclude>
    <ClInclude Include="MainProcess\MainClient.h">
      <Filter>MainProcess</Filter>
    </ClInclude>
    <ClInclude Include="MainProcess\MainScene.h">
      <Filter>MainProcess</Filter>
    </ClInclude>
  </ItemGroup>
</Project>