<?xml version="1.0" encoding="utf-8"?>
<Project ToolsVersion="4.0" xmlns="http://schemas.microsoft.com/developer/msbuild/2003">
  <ItemGroup>
    <Filter Include="Source Files">
      <UniqueIdentifier>{4FC737F1-C7A5-4376-A066-2A32D752A2FF}</UniqueIdentifier>
      <Extensions>cpp;c;cc;cxx;c++;cppm;ixx;def;odl;idl;hpj;bat;asm;asmx</Extensions>
    </Filter>
    <Filter Include="Defines">
      <UniqueIdentifier>{592ced71-ac03-4a8f-85de-7d471a0439ed}</UniqueIdentifier>
    </Filter>
    <Filter Include="Utils">
      <UniqueIdentifier>{5336a5ee-e760-41cf-89fe-ad66304e5d09}</UniqueIdentifier>
    </Filter>
  </ItemGroup>
  <ItemGroup>
    <ClCompile Include="Client.cpp">
      <Filter>Source Files</Filter>
    </ClCompile>
    <ClCompile Include="..\Utils\Log.cpp">
      <Filter>Utils</Filter>
    </ClCompile>
    <ClCompile Include="..\Utils\Packet.cpp">
      <Filter>Utils</Filter>
    </ClCompile>
    <ClCompile Include="..\Utils\ThreadBase.cpp">
      <Filter>Utils</Filter>
    </ClCompile>
    <ClCompile Include="..\Utils\Utils.cpp">
      <Filter>Utils</Filter>
    </ClCompile>
    <ClCompile Include="ClientSocket.cpp">
      <Filter>Source Files</Filter>
    </ClCompile>
    <ClCompile Include="MainClient.cpp">
      <Filter>Source Files</Filter>
    </ClCompile>
  </ItemGroup>
  <ItemGroup>
    <ClInclude Include="..\Defines\BaseDefine.h">
      <Filter>Defines</Filter>
    </ClInclude>
    <ClInclude Include="..\Defines\CommonStruct.h">
      <Filter>Defines</Filter>
    </ClInclude>
    <ClInclude Include="..\Defines\DataBaseType.h">
      <Filter>Defines</Filter>
    </ClInclude>
    <ClInclude Include="..\Utils\Log.h">
      <Filter>Utils</Filter>
    </ClInclude>
    <ClInclude Include="..\Utils\Packet.h">
      <Filter>Utils</Filter>
    </ClInclude>
    <ClInclude Include="..\Utils\PacketHeader.h">
      <Filter>Utils</Filter>
    </ClInclude>
    <ClInclude Include="..\Utils\ThreadBase.h">
      <Filter>Utils</Filter>
    </ClInclude>
    <ClInclude Include="..\Utils\Utils.h">
      <Filter>Utils</Filter>
    </ClInclude>
    <ClInclude Include="ClientSocket.h">
      <Filter>Source Files</Filter>
    </ClInclude>
    <ClInclude Include="MainClient.h">
      <Filter>Source Files</Filter>
    </ClInclude>
  </ItemGroup>
</Project>