<?xml version="1.0" encoding="utf-8"?>
<Project ToolsVersion="4.0" xmlns="http://schemas.microsoft.com/developer/msbuild/2003">
  <ItemGroup>
    <Filter Include="Source Files">
      <UniqueIdentifier>{4FC737F1-C7A5-4376-A066-2A32D752A2FF}</UniqueIdentifier>
      <Extensions>cpp;c;cc;cxx;c++;cppm;ixx;def;odl;idl;hpj;bat;asm;asmx</Extensions>
    </Filter>
    <Filter Include="Defines">
      <UniqueIdentifier>{4a8c93ea-1ca0-4a0f-973e-12d56ce3d0fc}</UniqueIdentifier>
    </Filter>
    <Filter Include="Utils">
      <UniqueIdentifier>{06713b31-b142-4e63-92ed-796f16e85d08}</UniqueIdentifier>
    </Filter>
  </ItemGroup>
  <ItemGroup>
    <ClCompile Include="Server.cpp">
      <Filter>Source Files</Filter>
    </ClCompile>
    <ClCompile Include="..\Utils\DBConnector.cpp">
      <Filter>Utils</Filter>
    </ClCompile>
    <ClCompile Include="..\Utils\DBFunction.cpp">
      <Filter>Utils</Filter>
    </ClCompile>
    <ClCompile Include="..\Utils\Log.cpp">
      <Filter>Utils</Filter>
    </ClCompile>
    <ClCompile Include="..\Utils\Packet.cpp">
      <Filter>Utils</Filter>
    </ClCompile>
    <ClCompile Include="..\Utils\ThreadBase.cpp">
      <Filter>Utils</Filter>
    </ClCompile>
    <ClCompile Include="..\Utils\Utils.cpp">
      <Filter>Utils</Filter>
    </ClCompile>
    <ClCompile Include="Acceptor.cpp">
      <Filter>Source Files</Filter>
    </ClCompile>
    <ClCompile Include="ClientSession.cpp">
      <Filter>Source Files</Filter>
    </ClCompile>
    <ClCompile Include="IOContextManager.cpp">
      <Filter>Source Files</Filter>
    </ClCompile>
    <ClCompile Include="LogicThread.cpp">
      <Filter>Source Files</Filter>
    </ClCompile>
    <ClCompile Include="LogicThreadManager.cpp">
      <Filter>Source Files</Filter>
    </ClCompile>
    <ClCompile Include="MainServer.cpp">
      <Filter>Source Files</Filter>
    </ClCompile>
    <ClCompile Include="SendManager.cpp">
      <Filter>Source Files</Filter>
    </ClCompile>
    <ClCompile Include="ServerSocket.cpp">
      <Filter>Source Files</Filter>
    </ClCompile>
    <ClCompile Include="SessionManager.cpp">
      <Filter>Source Files</Filter>
    </ClCompile>
    <ClCompile Include="WorkerThread.cpp">
      <Filter>Source Files</Filter>
    </ClCompile>
    <ClCompile Include="WorkerThreadManager.cpp">
      <Filter>Source Files</Filter>
    </ClCompile>
  </ItemGroup>
  <ItemGroup>
    <ClInclude Include="..\Defines\BaseDefine.h">
      <Filter>Defines</Filter>
    </ClInclude>
    <ClInclude Include="..\Defines\CommonStruct.h">
      <Filter>Defines</Filter>
    </ClInclude>
    <ClInclude Include="..\Defines\DataBaseType.h">
      <Filter>Defines</Filter>
    </ClInclude>
    <ClInclude Include="..\Utils\DBConnector.h">
      <Filter>Utils</Filter>
    </ClInclude>
    <ClInclude Include="..\Utils\DBFunction.h">
      <Filter>Utils</Filter>
    </ClInclude>
    <ClInclude Include="..\Utils\Log.h">
      <Filter>Utils</Filter>
    </ClInclude>
    <ClInclude Include="..\Utils\Packet.h">
      <Filter>Utils</Filter>
    </ClInclude>
    <ClInclude Include="..\Utils\PacketHeader.h">
      <Filter>Utils</Filter>
    </ClInclude>
    <ClInclude Include="..\Utils\ThreadBase.h">
      <Filter>Utils</Filter>
    </ClInclude>
    <ClInclude Include="..\Utils\Utils.h">
      <Filter>Utils</Filter>
    </ClInclude>
    <ClInclude Include="Acceptor.h">
      <Filter>Source Files</Filter>
    </ClInclude>
    <ClInclude Include="ClientSession.h">
      <Filter>Source Files</Filter>
    </ClInclude>
    <ClInclude Include="IOContextManager.h">
      <Filter>Source Files</Filter>
    </ClInclude>
    <ClInclude Include="LogicThread.h">
      <Filter>Source Files</Filter>
    </ClInclude>
    <ClInclude Include="LogicThreadManager.h">
      <Filter>Source Files</Filter>
    </ClInclude>
    <ClInclude Include="MainServer.h">
      <Filter>Source Files</Filter>
    </ClInclude>
    <ClInclude Include="SendManager.h">
      <Filter>Source Files</Filter>
    </ClInclude>
    <ClInclude Include="ServerSocket.h">
      <Filter>Source Files</Filter>
    </ClInclude>
    <ClInclude Include="SessionManager.h">
      <Filter>Source Files</Filter>
    </ClInclude>
    <ClInclude Include="WorkerThread.h">
      <Filter>Source Files</Filter>
    </ClInclude>
    <ClInclude Include="WorkerThreadManager.h">
      <Filter>Source Files</Filter>
    </ClInclude>
  </ItemGroup>
</Project>