<?xml version="1.0" encoding="utf-8"?>
<Project ToolsVersion="4.0" xmlns="http://schemas.microsoft.com/developer/msbuild/2003">
  <ItemGroup>
    <Filter Include="Source Files">
      <UniqueIdentifier>{4FC737F1-C7A5-4376-A066-2A32D752A2FF}</UniqueIdentifier>
      <Extensions>cpp;c;cc;cxx;c++;def;odl;idl;hpj;bat;asm;asmx</Extensions>
    </Filter>
    <Filter Include="Defines">
      <UniqueIdentifier>{543aaaf1-a15a-4e58-a25c-caa8965afc4a}</UniqueIdentifier>
    </Filter>
    <Filter Include="MainProcess">
      <UniqueIdentifier>{b0709751-8624-4c02-8266-16fda6c32344}</UniqueIdentifier>
    </Filter>
    <Filter Include="Utils">
      <UniqueIdentifier>{92c0790a-5d6a-46dd-8ded-6ac50f5ad4df}</UniqueIdentifier>
    </Filter>
    <Filter Include="Socket">
      <UniqueIdentifier>{9363df37-5334-420b-8eab-32f11239c9ef}</UniqueIdentifier>
    </Filter>
  </ItemGroup>
  <ItemGroup>
    <ClCompile Include="Source\main.cpp">
      <Filter>Source Files</Filter>
    </ClCompile>
    <ClCompile Include="Socket\ServerSocket.cpp">
      <Filter>Socket</Filter>
    </ClCompile>
    <ClCompile Include="Utils\Utils.cpp">
      <Filter>Utils</Filter>
    </ClCompile>
    <ClCompile Include="Utils\Log.cpp">
      <Filter>Utils</Filter>
    </ClCompile>
    <ClCompile Include="MainProcess\ThreadBase.cpp">
      <Filter>MainProcess</Filter>
    </ClCompile>
    <ClCompile Include="MainProcess\WorkThread.cpp">
      <Filter>MainProcess</Filter>
    </ClCompile>
    <ClCompile Include="MainProcess\WorkThreadManager.cpp">
      <Filter>MainProcess</Filter>
    </ClCompile>
    <ClCompile Include="Socket\ClientSession.cpp">
      <Filter>Socket</Filter>
    </ClCompile>
    <ClCompile Include="Socket\SessionManager.cpp">
      <Filter>Socket</Filter>
    </ClCompile>
  </ItemGroup>
  <ItemGroup>
    <ClInclude Include="Defines\BaseDefine.h">
      <Filter>Defines</Filter>
    </ClInclude>
    <ClInclude Include="Socket\ServerSocket.h">
      <Filter>Socket</Filter>
    </ClInclude>
    <ClInclude Include="Utils\Utils.h">
      <Filter>Utils</Filter>
    </ClInclude>
    <ClInclude Include="Utils\Log.h">
      <Filter>Utils</Filter>
    </ClInclude>
    <ClInclude Include="MainProcess\ThreadBase.h">
      <Filter>MainProcess</Filter>
    </ClInclude>
    <ClInclude Include="MainProcess\WorkThread.h">
      <Filter>MainProcess</Filter>
    </ClInclude>
    <ClInclude Include="MainProcess\WorkThreadManager.h">
      <Filter>MainProcess</Filter>
    </ClInclude>
    <ClInclude Include="Socket\ClientSession.h">
      <Filter>Socket</Filter>
    </ClInclude>
    <ClInclude Include="Socket\SessionManager.h">
      <Filter>Socket</Filter>
    </ClInclude>
  </ItemGroup>
</Project>